// !$*UTF8*$!
{
	archiveVersion = 1;
	classes = {
	};
	objectVersion = 56;
	objects = {

/* Begin PBXBuildFile section */
		8C6BB86D2BED2AC400FF98FD /* AppDelegate.swift in Sources */ = {isa = PBXBuildFile; fileRef = 8C6BB86C2BED2AC400FF98FD /* AppDelegate.swift */; };
		8C6BB86F2BED2AC400FF98FD /* SceneDelegate.swift in Sources */ = {isa = PBXBuildFile; fileRef = 8C6BB86E2BED2AC400FF98FD /* SceneDelegate.swift */; };
		8C6BB8712BED2AC400FF98FD /* ViewController.swift in Sources */ = {isa = PBXBuildFile; fileRef = 8C6BB8702BED2AC400FF98FD /* ViewController.swift */; };
		8C6BB8742BED2AC400FF98FD /* Base in Resources */ = {isa = PBXBuildFile; fileRef = 8C6BB8732BED2AC400FF98FD /* Base */; };
		8C6BB8762BED2AC600FF98FD /* Assets.xcassets in Resources */ = {isa = PBXBuildFile; fileRef = 8C6BB8752BED2AC600FF98FD /* Assets.xcassets */; };
		8C6BB8792BED2AC600FF98FD /* Base in Resources */ = {isa = PBXBuildFile; fileRef = 8C6BB8782BED2AC600FF98FD /* Base */; };
		8C6BB8842BED2AC600FF98FD /* CalendarTests.swift in Sources */ = {isa = PBXBuildFile; fileRef = 8C6BB8832BED2AC600FF98FD /* CalendarTests.swift */; };
		8C6BB88E2BED2AC600FF98FD /* CalendarUITests.swift in Sources */ = {isa = PBXBuildFile; fileRef = 8C6BB88D2BED2AC600FF98FD /* CalendarUITests.swift */; };
		8C6BB8902BED2AC600FF98FD /* CalendarUITestsLaunchTests.swift in Sources */ = {isa = PBXBuildFile; fileRef = 8C6BB88F2BED2AC600FF98FD /* CalendarUITestsLaunchTests.swift */; };
/* End PBXBuildFile section */

/* Begin PBXContainerItemProxy section */
		8C6BB8802BED2AC600FF98FD /* PBXContainerItemProxy */ = {
			isa = PBXContainerItemProxy;
			containerPortal = 8C6BB8612BED2AC400FF98FD /* Project object */;
			proxyType = 1;
			remoteGlobalIDString = 8C6BB8682BED2AC400FF98FD;
			remoteInfo = Calendar;
		};
		8C6BB88A2BED2AC600FF98FD /* PBXContainerItemProxy */ = {
			isa = PBXContainerItemProxy;
			containerPortal = 8C6BB8612BED2AC400FF98FD /* Project object */;
			proxyType = 1;
			remoteGlobalIDString = 8C6BB8682BED2AC400FF98FD;
			remoteInfo = Calendar;
		};
/* End PBXContainerItemProxy section */

/* Begin PBXFileReference section */
		8C6BB8692BED2AC400FF98FD /* Calendar.app */ = {isa = PBXFileReference; explicitFileType = wrapper.application; includeInIndex = 0; path = Calendar.app; sourceTree = BUILT_PRODUCTS_DIR; };
		8C6BB86C2BED2AC400FF98FD /* AppDelegate.swift */ = {isa = PBXFileReference; lastKnownFileType = sourcecode.swift; path = AppDelegate.swift; sourceTree = "<group>"; };
		8C6BB86E2BED2AC400FF98FD /* SceneDelegate.swift */ = {isa = PBXFileReference; lastKnownFileType = sourcecode.swift; path = SceneDelegate.swift; sourceTree = "<group>"; };
		8C6BB8702BED2AC400FF98FD /* ViewController.swift */ = {isa = PBXFileReference; lastKnownFileType = sourcecode.swift; path = ViewController.swift; sourceTree = "<group>"; };
		8C6BB8732BED2AC400FF98FD /* Base */ = {isa = PBXFileReference; lastKnownFileType = file.storyboard; name = Base; path = Base.lproj/Main.storyboard; sourceTree = "<group>"; };
		8C6BB8752BED2AC600FF98FD /* Assets.xcassets */ = {isa = PBXFileReference; lastKnownFileType = folder.assetcatalog; path = Assets.xcassets; sourceTree = "<group>"; };
		8C6BB8782BED2AC600FF98FD /* Base */ = {isa = PBXFileReference; lastKnownFileType = file.storyboard; name = Base; path = Base.lproj/LaunchScreen.storyboard; sourceTree = "<group>"; };
		8C6BB87A2BED2AC600FF98FD /* Info.plist */ = {isa = PBXFileReference; lastKnownFileType = text.plist.xml; path = Info.plist; sourceTree = "<group>"; };
		8C6BB87F2BED2AC600FF98FD /* CalendarTests.xctest */ = {isa = PBXFileReference; explicitFileType = wrapper.cfbundle; includeInIndex = 0; path = CalendarTests.xctest; sourceTree = BUILT_PRODUCTS_DIR; };
		8C6BB8832BED2AC600FF98FD /* CalendarTests.swift */ = {isa = PBXFileReference; lastKnownFileType = sourcecode.swift; path = CalendarTests.swift; sourceTree = "<group>"; };
		8C6BB8892BED2AC600FF98FD /* CalendarUITests.xctest */ = {isa = PBXFileReference; explicitFileType = wrapper.cfbundle; includeInIndex = 0; path = CalendarUITests.xctest; sourceTree = BUILT_PRODUCTS_DIR; };
		8C6BB88D2BED2AC600FF98FD /* CalendarUITests.swift */ = {isa = PBXFileReference; lastKnownFileType = sourcecode.swift; path = CalendarUITests.swift; sourceTree = "<group>"; };
		8C6BB88F2BED2AC600FF98FD /* CalendarUITestsLaunchTests.swift */ = {isa = PBXFileReference; lastKnownFileType = sourcecode.swift; path = CalendarUITestsLaunchTests.swift; sourceTree = "<group>"; };
/* End PBXFileReference section */

/* Begin PBXFrameworksBuildPhase section */
		8C6BB8662BED2AC400FF98FD /* Frameworks */ = {
			isa = PBXFrameworksBuildPhase;
			buildActionMask = 2147483647;
			files = (
			);
			runOnlyForDeploymentPostprocessing = 0;
		};
		8C6BB87C2BED2AC600FF98FD /* Frameworks */ = {
			isa = PBXFrameworksBuildPhase;
			buildActionMask = 2147483647;
			files = (
			);
			runOnlyForDeploymentPostprocessing = 0;
		};
		8C6BB8862BED2AC600FF98FD /* Frameworks */ = {
			isa = PBXFrameworksBuildPhase;
			buildActionMask = 2147483647;
			files = (
			);
			runOnlyForDeploymentPostprocessing = 0;
		};
/* End PBXFrameworksBuildPhase section */

/* Begin PBXGroup section */
		8C6BB8602BED2AC400FF98FD = {
			isa = PBXGroup;
			children = (
				8C6BB86B2BED2AC400FF98FD /* Calendar */,
				8C6BB8822BED2AC600FF98FD /* CalendarTests */,
				8C6BB88C2BED2AC600FF98FD /* CalendarUITests */,
				8C6BB86A2BED2AC400FF98FD /* Products */,
			);
			sourceTree = "<group>";
		};
		8C6BB86A2BED2AC400FF98FD /* Products */ = {
			isa = PBXGroup;
			children = (
				8C6BB8692BED2AC400FF98FD /* Calendar.app */,
				8C6BB87F2BED2AC600FF98FD /* CalendarTests.xctest */,
				8C6BB8892BED2AC600FF98FD /* CalendarUITests.xctest */,
			);
			name = Products;
			sourceTree = "<group>";
		};
		8C6BB86B2BED2AC400FF98FD /* Calendar */ = {
			isa = PBXGroup;
			children = (
				8C6BB86C2BED2AC400FF98FD /* AppDelegate.swift */,
				8C6BB86E2BED2AC400FF98FD /* SceneDelegate.swift */,
				8C6BB8702BED2AC400FF98FD /* ViewController.swift */,
				8C6BB8722BED2AC400FF98FD /* Main.storyboard */,
				8C6BB8752BED2AC600FF98FD /* Assets.xcassets */,
				8C6BB8772BED2AC600FF98FD /* LaunchScreen.storyboard */,
				8C6BB87A2BED2AC600FF98FD /* Info.plist */,
			);
			path = Calendar;
			sourceTree = "<group>";
		};
		8C6BB8822BED2AC600FF98FD /* CalendarTests */ = {
			isa = PBXGroup;
			children = (
				8C6BB8832BED2AC600FF98FD /* CalendarTests.swift */,
			);
			path = CalendarTests;
			sourceTree = "<group>";
		};
		8C6BB88C2BED2AC600FF98FD /* CalendarUITests */ = {
			isa = PBXGroup;
			children = (
				8C6BB88D2BED2AC600FF98FD /* CalendarUITests.swift */,
				8C6BB88F2BED2AC600FF98FD /* CalendarUITestsLaunchTests.swift */,
			);
			path = CalendarUITests;
			sourceTree = "<group>";
		};
/* End PBXGroup section */

/* Begin PBXNativeTarget section */
		8C6BB8682BED2AC400FF98FD /* Calendar */ = {
			isa = PBXNativeTarget;
			buildConfigurationList = 8C6BB8932BED2AC600FF98FD /* Build configuration list for PBXNativeTarget "Calendar" */;
			buildPhases = (
				8C624DDA2C2DFC4D00F4DE62 /* swiftlint */,
				8C6BB8652BED2AC400FF98FD /* Sources */,
				8C6BB8662BED2AC400FF98FD /* Frameworks */,
				8C6BB8672BED2AC400FF98FD /* Resources */,
			);
			buildRules = (
			);
			dependencies = (
			);
			name = Calendar;
			productName = Calendar;
			productReference = 8C6BB8692BED2AC400FF98FD /* Calendar.app */;
			productType = "com.apple.product-type.application";
		};
		8C6BB87E2BED2AC600FF98FD /* CalendarTests */ = {
			isa = PBXNativeTarget;
			buildConfigurationList = 8C6BB8962BED2AC600FF98FD /* Build configuration list for PBXNativeTarget "CalendarTests" */;
			buildPhases = (
				8C6BB87B2BED2AC600FF98FD /* Sources */,
				8C6BB87C2BED2AC600FF98FD /* Frameworks */,
				8C6BB87D2BED2AC600FF98FD /* Resources */,
			);
			buildRules = (
			);
			dependencies = (
				8C6BB8812BED2AC600FF98FD /* PBXTargetDependency */,
			);
			name = CalendarTests;
			productName = CalendarTests;
			productReference = 8C6BB87F2BED2AC600FF98FD /* CalendarTests.xctest */;
			productType = "com.apple.product-type.bundle.unit-test";
		};
		8C6BB8882BED2AC600FF98FD /* CalendarUITests */ = {
			isa = PBXNativeTarget;
			buildConfigurationList = 8C6BB8992BED2AC600FF98FD /* Build configuration list for PBXNativeTarget "CalendarUITests" */;
			buildPhases = (
				8C6BB8852BED2AC600FF98FD /* Sources */,
				8C6BB8862BED2AC600FF98FD /* Frameworks */,
				8C6BB8872BED2AC600FF98FD /* Resources */,
			);
			buildRules = (
			);
			dependencies = (
				8C6BB88B2BED2AC600FF98FD /* PBXTargetDependency */,
			);
			name = CalendarUITests;
			productName = CalendarUITests;
			productReference = 8C6BB8892BED2AC600FF98FD /* CalendarUITests.xctest */;
			productType = "com.apple.product-type.bundle.ui-testing";
		};
/* End PBXNativeTarget section */

/* Begin PBXProject section */
		8C6BB8612BED2AC400FF98FD /* Project object */ = {
			isa = PBXProject;
			attributes = {
				BuildIndependentTargetsInParallel = 1;
				LastSwiftUpdateCheck = 1530;
				LastUpgradeCheck = 1530;
				TargetAttributes = {
					8C6BB8682BED2AC400FF98FD = {
						CreatedOnToolsVersion = 15.3;
					};
					8C6BB87E2BED2AC600FF98FD = {
						CreatedOnToolsVersion = 15.3;
						TestTargetID = 8C6BB8682BED2AC400FF98FD;
					};
					8C6BB8882BED2AC600FF98FD = {
						CreatedOnToolsVersion = 15.3;
						TestTargetID = 8C6BB8682BED2AC400FF98FD;
					};
				};
			};
			buildConfigurationList = 8C6BB8642BED2AC400FF98FD /* Build configuration list for PBXProject "Calendar" */;
			compatibilityVersion = "Xcode 14.0";
			developmentRegion = en;
			hasScannedForEncodings = 0;
			knownRegions = (
				en,
				Base,
			);
			mainGroup = 8C6BB8602BED2AC400FF98FD;
			productRefGroup = 8C6BB86A2BED2AC400FF98FD /* Products */;
			projectDirPath = "";
			projectRoot = "";
			targets = (
				8C6BB8682BED2AC400FF98FD /* Calendar */,
				8C6BB87E2BED2AC600FF98FD /* CalendarTests */,
				8C6BB8882BED2AC600FF98FD /* CalendarUITests */,
			);
		};
/* End PBXProject section */

/* Begin PBXResourcesBuildPhase section */
		8C6BB8672BED2AC400FF98FD /* Resources */ = {
			isa = PBXResourcesBuildPhase;
			buildActionMask = 2147483647;
			files = (
				8C6BB8762BED2AC600FF98FD /* Assets.xcassets in Resources */,
				8C6BB8792BED2AC600FF98FD /* Base in Resources */,
				8C6BB8742BED2AC400FF98FD /* Base in Resources */,
			);
			runOnlyForDeploymentPostprocessing = 0;
		};
		8C6BB87D2BED2AC600FF98FD /* Resources */ = {
			isa = PBXResourcesBuildPhase;
			buildActionMask = 2147483647;
			files = (
			);
			runOnlyForDeploymentPostprocessing = 0;
		};
		8C6BB8872BED2AC600FF98FD /* Resources */ = {
			isa = PBXResourcesBuildPhase;
			buildActionMask = 2147483647;
			files = (
			);
			runOnlyForDeploymentPostprocessing = 0;
		};
/* End PBXResourcesBuildPhase section */

/* Begin PBXShellScriptBuildPhase section */
		8C624DDA2C2DFC4D00F4DE62 /* swiftlint */ = {
			isa = PBXShellScriptBuildPhase;
			buildActionMask = 2147483647;
			files = (
			);
			inputFileListPaths = (
			);
			inputPaths = (
			);
			name = swiftlint;
			outputFileListPaths = (
			);
			outputPaths = (
			);
			runOnlyForDeploymentPostprocessing = 0;
			shellPath = /bin/sh;
			shellScript = "if which swiftlint >/dev/null; then\n  swiftlint\nelse\n  echo \"warning: SwiftLint not installed, download from https://github.com/realm/SwiftLint\"\nfi\n";
		};
/* End PBXShellScriptBuildPhase section */

/* Begin PBXSourcesBuildPhase section */
		8C6BB8652BED2AC400FF98FD /* Sources */ = {
			isa = PBXSourcesBuildPhase;
			buildActionMask = 2147483647;
			files = (
				8C6BB8712BED2AC400FF98FD /* ViewController.swift in Sources */,
				8C6BB86D2BED2AC400FF98FD /* AppDelegate.swift in Sources */,
				8C6BB86F2BED2AC400FF98FD /* SceneDelegate.swift in Sources */,
			);
			runOnlyForDeploymentPostprocessing = 0;
		};
		8C6BB87B2BED2AC600FF98FD /* Sources */ = {
			isa = PBXSourcesBuildPhase;
			buildActionMask = 2147483647;
			files = (
				8C6BB8842BED2AC600FF98FD /* CalendarTests.swift in Sources */,
			);
			runOnlyForDeploymentPostprocessing = 0;
		};
		8C6BB8852BED2AC600FF98FD /* Sources */ = {
			isa = PBXSourcesBuildPhase;
			buildActionMask = 2147483647;
			files = (
				8C6BB8902BED2AC600FF98FD /* CalendarUITestsLaunchTests.swift in Sources */,
				8C6BB88E2BED2AC600FF98FD /* CalendarUITests.swift in Sources */,
			);
			runOnlyForDeploymentPostprocessing = 0;
		};
/* End PBXSourcesBuildPhase section */

/* Begin PBXTargetDependency section */
		8C6BB8812BED2AC600FF98FD /* PBXTargetDependency */ = {
			isa = PBXTargetDependency;
			target = 8C6BB8682BED2AC400FF98FD /* Calendar */;
			targetProxy = 8C6BB8802BED2AC600FF98FD /* PBXContainerItemProxy */;
		};
		8C6BB88B2BED2AC600FF98FD /* PBXTargetDependency */ = {
			isa = PBXTargetDependency;
			target = 8C6BB8682BED2AC400FF98FD /* Calendar */;
			targetProxy = 8C6BB88A2BED2AC600FF98FD /* PBXContainerItemProxy */;
		};
/* End PBXTargetDependency section */

/* Begin PBXVariantGroup section */
		8C6BB8722BED2AC400FF98FD /* Main.storyboard */ = {
			isa = PBXVariantGroup;
			children = (
				8C6BB8732BED2AC400FF98FD /* Base */,
			);
			name = Main.storyboard;
			sourceTree = "<group>";
		};
		8C6BB8772BED2AC600FF98FD /* LaunchScreen.storyboard */ = {
			isa = PBXVariantGroup;
			children = (
				8C6BB8782BED2AC600FF98FD /* Base */,
			);
			name = LaunchScreen.storyboard;
			sourceTree = "<group>";
		};
/* End PBXVariantGroup section */

/* Begin XCBuildConfiguration section */
		8C6BB8912BED2AC600FF98FD /* Debug */ = {
			isa = XCBuildConfiguration;
			buildSettings = {
				ALWAYS_SEARCH_USER_PATHS = NO;
				ASSETCATALOG_COMPILER_GENERATE_SWIFT_ASSET_SYMBOL_EXTENSIONS = YES;
				CLANG_ANALYZER_NONNULL = YES;
				CLANG_ANALYZER_NUMBER_OBJECT_CONVERSION = YES_AGGRESSIVE;
				CLANG_CXX_LANGUAGE_STANDARD = "gnu++20";
				CLANG_ENABLE_MODULES = YES;
				CLANG_ENABLE_OBJC_ARC = YES;
				CLANG_ENABLE_OBJC_WEAK = YES;
				CLANG_WARN_BLOCK_CAPTURE_AUTORELEASING = YES;
				CLANG_WARN_BOOL_CONVERSION = YES;
				CLANG_WARN_COMMA = YES;
				CLANG_WARN_CONSTANT_CONVERSION = YES;
				CLANG_WARN_DEPRECATED_OBJC_IMPLEMENTATIONS = YES;
				CLANG_WARN_DIRECT_OBJC_ISA_USAGE = YES_ERROR;
				CLANG_WARN_DOCUMENTATION_COMMENTS = YES;
				CLANG_WARN_EMPTY_BODY = YES;
				CLANG_WARN_ENUM_CONVERSION = YES;
				CLANG_WARN_INFINITE_RECURSION = YES;
				CLANG_WARN_INT_CONVERSION = YES;
				CLANG_WARN_NON_LITERAL_NULL_CONVERSION = YES;
				CLANG_WARN_OBJC_IMPLICIT_RETAIN_SELF = YES;
				CLANG_WARN_OBJC_LITERAL_CONVERSION = YES;
				CLANG_WARN_OBJC_ROOT_CLASS = YES_ERROR;
				CLANG_WARN_QUOTED_INCLUDE_IN_FRAMEWORK_HEADER = YES;
				CLANG_WARN_RANGE_LOOP_ANALYSIS = YES;
				CLANG_WARN_STRICT_PROTOTYPES = YES;
				CLANG_WARN_SUSPICIOUS_MOVE = YES;
				CLANG_WARN_UNGUARDED_AVAILABILITY = YES_AGGRESSIVE;
				CLANG_WARN_UNREACHABLE_CODE = YES;
				CLANG_WARN__DUPLICATE_METHOD_MATCH = YES;
				COPY_PHASE_STRIP = NO;
				DEBUG_INFORMATION_FORMAT = dwarf;
				ENABLE_STRICT_OBJC_MSGSEND = YES;
				ENABLE_TESTABILITY = YES;
				ENABLE_USER_SCRIPT_SANDBOXING = NO;
				GCC_C_LANGUAGE_STANDARD = gnu17;
				GCC_DYNAMIC_NO_PIC = NO;
				GCC_NO_COMMON_BLOCKS = YES;
				GCC_OPTIMIZATION_LEVEL = 0;
				GCC_PREPROCESSOR_DEFINITIONS = (
					"DEBUG=1",
					"$(inherited)",
				);
				GCC_WARN_64_TO_32_BIT_CONVERSION = YES;
				GCC_WARN_ABOUT_RETURN_TYPE = YES_ERROR;
				GCC_WARN_UNDECLARED_SELECTOR = YES;
				GCC_WARN_UNINITIALIZED_AUTOS = YES_AGGRESSIVE;
				GCC_WARN_UNUSED_FUNCTION = YES;
				GCC_WARN_UNUSED_VARIABLE = YES;
				IPHONEOS_DEPLOYMENT_TARGET = 17.4;
				LOCALIZATION_PREFERS_STRING_CATALOGS = YES;
				MTL_ENABLE_DEBUG_INFO = INCLUDE_SOURCE;
				MTL_FAST_MATH = YES;
				ONLY_ACTIVE_ARCH = YES;
				SDKROOT = iphoneos;
				SWIFT_ACTIVE_COMPILATION_CONDITIONS = "DEBUG $(inherited)";
				SWIFT_OPTIMIZATION_LEVEL = "-Onone";
			};
			name = Debug;
		};
		8C6BB8922BED2AC600FF98FD /* Release */ = {
			isa = XCBuildConfiguration;
			buildSettings = {
				ALWAYS_SEARCH_USER_PATHS = NO;
				ASSETCATALOG_COMPILER_GENERATE_SWIFT_ASSET_SYMBOL_EXTENSIONS = YES;
				CLANG_ANALYZER_NONNULL = YES;
				CLANG_ANALYZER_NUMBER_OBJECT_CONVERSION = YES_AGGRESSIVE;
				CLANG_CXX_LANGUAGE_STANDARD = "gnu++20";
				CLANG_ENABLE_MODULES = YES;
				CLANG_ENABLE_OBJC_ARC = YES;
				CLANG_ENABLE_OBJC_WEAK = YES;
				CLANG_WARN_BLOCK_CAPTURE_AUTORELEASING = YES;
				CLANG_WARN_BOOL_CONVERSION = YES;
				CLANG_WARN_COMMA = YES;
				CLANG_WARN_CONSTANT_CONVERSION = YES;
				CLANG_WARN_DEPRECATED_OBJC_IMPLEMENTATIONS = YES;
				CLANG_WARN_DIRECT_OBJC_ISA_USAGE = YES_ERROR;
				CLANG_WARN_DOCUMENTATION_COMMENTS = YES;
				CLANG_WARN_EMPTY_BODY = YES;
				CLANG_WARN_ENUM_CONVERSION = YES;
				CLANG_WARN_INFINITE_RECURSION = YES;
				CLANG_WARN_INT_CONVERSION = YES;
				CLANG_WARN_NON_LITERAL_NULL_CONVERSION = YES;
				CLANG_WARN_OBJC_IMPLICIT_RETAIN_SELF = YES;
				CLANG_WARN_OBJC_LITERAL_CONVERSION = YES;
				CLANG_WARN_OBJC_ROOT_CLASS = YES_ERROR;
				CLANG_WARN_QUOTED_INCLUDE_IN_FRAMEWORK_HEADER = YES;
				CLANG_WARN_RANGE_LOOP_ANALYSIS = YES;
				CLANG_WARN_STRICT_PROTOTYPES = YES;
				CLANG_WARN_SUSPICIOUS_MOVE = YES;
				CLANG_WARN_UNGUARDED_AVAILABILITY = YES_AGGRESSIVE;
				CLANG_WARN_UNREACHABLE_CODE = YES;
				CLANG_WARN__DUPLICATE_METHOD_MATCH = YES;
				COPY_PHASE_STRIP = NO;
				DEBUG_INFORMATION_FORMAT = "dwarf-with-dsym";
				ENABLE_NS_ASSERTIONS = NO;
				ENABLE_STRICT_OBJC_MSGSEND = YES;
				ENABLE_USER_SCRIPT_SANDBOXING = NO;
				GCC_C_LANGUAGE_STANDARD = gnu17;
				GCC_NO_COMMON_BLOCKS = YES;
				GCC_WARN_64_TO_32_BIT_CONVERSION = YES;
				GCC_WARN_ABOUT_RETURN_TYPE = YES_ERROR;
				GCC_WARN_UNDECLARED_SELECTOR = YES;
				GCC_WARN_UNINITIALIZED_AUTOS = YES_AGGRESSIVE;
				GCC_WARN_UNUSED_FUNCTION = YES;
				GCC_WARN_UNUSED_VARIABLE = YES;
				IPHONEOS_DEPLOYMENT_TARGET = 17.4;
				LOCALIZATION_PREFERS_STRING_CATALOGS = YES;
				MTL_ENABLE_DEBUG_INFO = NO;
				MTL_FAST_MATH = YES;
				SDKROOT = iphoneos;
				SWIFT_COMPILATION_MODE = wholemodule;
				VALIDATE_PRODUCT = YES;
			};
			name = Release;
		};
		8C6BB8942BED2AC600FF98FD /* Debug */ = {
			isa = XCBuildConfiguration;
			buildSettings = {
				ASSETCATALOG_COMPILER_APPICON_NAME = AppIcon;
				ASSETCATALOG_COMPILER_GLOBAL_ACCENT_COLOR_NAME = AccentColor;
				CODE_SIGN_STYLE = Automatic;
				CURRENT_PROJECT_VERSION = 1;
				GENERATE_INFOPLIST_FILE = YES;
				INFOPLIST_FILE = Calendar/Info.plist;
				INFOPLIST_KEY_NSCalendarsUsageDescription = "$(PRODUCT_NAME) used";
				INFOPLIST_KEY_UIApplicationSupportsIndirectInputEvents = YES;
				INFOPLIST_KEY_UILaunchStoryboardName = LaunchScreen;
				INFOPLIST_KEY_UIMainStoryboardFile = Main;
				INFOPLIST_KEY_UISupportedInterfaceOrientations_iPad = "UIInterfaceOrientationPortrait UIInterfaceOrientationPortraitUpsideDown UIInterfaceOrientationLandscapeLeft UIInterfaceOrientationLandscapeRight";
				INFOPLIST_KEY_UISupportedInterfaceOrientations_iPhone = "UIInterfaceOrientationPortrait UIInterfaceOrientationLandscapeLeft UIInterfaceOrientationLandscapeRight";
				LD_RUNPATH_SEARCH_PATHS = (
					"$(inherited)",
					"@executable_path/Frameworks",
				);
				MARKETING_VERSION = 1.0;
				PRODUCT_BUNDLE_IDENTIFIER = Bala.Calendar;
				PRODUCT_NAME = "$(TARGET_NAME)";
				SWIFT_EMIT_LOC_STRINGS = YES;
				SWIFT_VERSION = 5.0;
				TARGETED_DEVICE_FAMILY = "1,2";
			};
			name = Debug;
		};
		8C6BB8952BED2AC600FF98FD /* Release */ = {
			isa = XCBuildConfiguration;
			buildSettings = {
				ASSETCATALOG_COMPILER_APPICON_NAME = AppIcon;
				ASSETCATALOG_COMPILER_GLOBAL_ACCENT_COLOR_NAME = AccentColor;
				CODE_SIGN_STYLE = Automatic;
				CURRENT_PROJECT_VERSION = 1;
				GENERATE_INFOPLIST_FILE = YES;
				INFOPLIST_FILE = Calendar/Info.plist;
				INFOPLIST_KEY_NSCalendarsUsageDescription = "$(PRODUCT_NAME) used";
				INFOPLIST_KEY_UIApplicationSupportsIndirectInputEvents = YES;
				INFOPLIST_KEY_UILaunchStoryboardName = LaunchScreen;
				INFOPLIST_KEY_UIMainStoryboardFile = Main;
				INFOPLIST_KEY_UISupportedInterfaceOrientations_iPad = "UIInterfaceOrientationPortrait UIInterfaceOrientationPortraitUpsideDown UIInterfaceOrientationLandscapeLeft UIInterfaceOrientationLandscapeRight";
				INFOPLIST_KEY_UISupportedInterfaceOrientations_iPhone = "UIInterfaceOrientationPortrait UIInterfaceOrientationLandscapeLeft UIInterfaceOrientationLandscapeRight";
				LD_RUNPATH_SEARCH_PATHS = (
					"$(inherited)",
					"@executable_path/Frameworks",
				);
				MARKETING_VERSION = 1.0;
				PRODUCT_BUNDLE_IDENTIFIER = Bala.Calendar;
				PRODUCT_NAME = "$(TARGET_NAME)";
				SWIFT_EMIT_LOC_STRINGS = YES;
				SWIFT_VERSION = 5.0;
				TARGETED_DEVICE_FAMILY = "1,2";
			};
			name = Release;
		};
		8C6BB8972BED2AC600FF98FD /* Debug */ = {
			isa = XCBuildConfiguration;
			buildSettings = {
				ALWAYS_EMBED_SWIFT_STANDARD_LIBRARIES = YES;
				BUNDLE_LOADER = "$(TEST_HOST)";
				CODE_SIGN_STYLE = Automatic;
				CURRENT_PROJECT_VERSION = 1;
				GENERATE_INFOPLIST_FILE = YES;
				IPHONEOS_DEPLOYMENT_TARGET = 17.4;
				MARKETING_VERSION = 1.0;
				PRODUCT_BUNDLE_IDENTIFIER = Bala.CalendarTests;
				PRODUCT_NAME = "$(TARGET_NAME)";
				SWIFT_EMIT_LOC_STRINGS = NO;
				SWIFT_VERSION = 5.0;
				TARGETED_DEVICE_FAMILY = "1,2";
				TEST_HOST = "$(BUILT_PRODUCTS_DIR)/Calendar.app/$(BUNDLE_EXECUTABLE_FOLDER_PATH)/Calendar";
			};
			name = Debug;
		};
		8C6BB8982BED2AC600FF98FD /* Release */ = {
			isa = XCBuildConfiguration;
			buildSettings = {
				ALWAYS_EMBED_SWIFT_STANDARD_LIBRARIES = YES;
				BUNDLE_LOADER = "$(TEST_HOST)";
				CODE_SIGN_STYLE = Automatic;
				CURRENT_PROJECT_VERSION = 1;
				GENERATE_INFOPLIST_FILE = YES;
				IPHONEOS_DEPLOYMENT_TARGET = 17.4;
				MARKETING_VERSION = 1.0;
				PRODUCT_BUNDLE_IDENTIFIER = Bala.CalendarTests;
				PRODUCT_NAME = "$(TARGET_NAME)";
				SWIFT_EMIT_LOC_STRINGS = NO;
				SWIFT_VERSION = 5.0;
				TARGETED_DEVICE_FAMILY = "1,2";
				TEST_HOST = "$(BUILT_PRODUCTS_DIR)/Calendar.app/$(BUNDLE_EXECUTABLE_FOLDER_PATH)/Calendar";
			};
			name = Release;
		};
		8C6BB89A2BED2AC600FF98FD /* Debug */ = {
			isa = XCBuildConfiguration;
			buildSettings = {
				ALWAYS_EMBED_SWIFT_STANDARD_LIBRARIES = YES;
				CODE_SIGN_STYLE = Automatic;
				CURRENT_PROJECT_VERSION = 1;
				GENERATE_INFOPLIST_FILE = YES;
				MARKETING_VERSION = 1.0;
				PRODUCT_BUNDLE_IDENTIFIER = Bala.CalendarUITests;
				PRODUCT_NAME = "$(TARGET_NAME)";
				SWIFT_EMIT_LOC_STRINGS = NO;
				SWIFT_VERSION = 5.0;
				TARGETED_DEVICE_FAMILY = "1,2";
				TEST_TARGET_NAME = Calendar;
			};
			name = Debug;
		};
		8C6BB89B2BED2AC600FF98FD /* Release */ = {
			isa = XCBuildConfiguration;
			buildSettings = {
				ALWAYS_EMBED_SWIFT_STANDARD_LIBRARIES = YES;
				CODE_SIGN_STYLE = Automatic;
				CURRENT_PROJECT_VERSION = 1;
				GENERATE_INFOPLIST_FILE = YES;
				MARKETING_VERSION = 1.0;
				PRODUCT_BUNDLE_IDENTIFIER = Bala.CalendarUITests;
				PRODUCT_NAME = "$(TARGET_NAME)";
				SWIFT_EMIT_LOC_STRINGS = NO;
				SWIFT_VERSION = 5.0;
				TARGETED_DEVICE_FAMILY = "1,2";
				TEST_TARGET_NAME = Calendar;
			};
			name = Release;
		};
/* End XCBuildConfiguration section */

/* Begin XCConfigurationList section */
		8C6BB8642BED2AC400FF98FD /* Build configuration list for PBXProject "Calendar" */ = {
			isa = XCConfigurationList;
			buildConfigurations = (
				8C6BB8912BED2AC600FF98FD /* Debug */,
				8C6BB8922BED2AC600FF98FD /* Release */,
			);
			defaultConfigurationIsVisible = 0;
			defaultConfigurationName = Release;
		};
		8C6BB8932BED2AC600FF98FD /* Build configuration list for PBXNativeTarget "Calendar" */ = {
			isa = XCConfigurationList;
			buildConfigurations = (
				8C6BB8942BED2AC600FF98FD /* Debug */,
				8C6BB8952BED2AC600FF98FD /* Release */,
			);
			defaultConfigurationIsVisible = 0;
			defaultConfigurationName = Release;
		};
		8C6BB8962BED2AC600FF98FD /* Build configuration list for PBXNativeTarget "CalendarTests" */ = {
			isa = XCConfigurationList;
			buildConfigurations = (
				8C6BB8972BED2AC600FF98FD /* Debug */,
				8C6BB8982BED2AC600FF98FD /* Release */,
			);
			defaultConfigurationIsVisible = 0;
			defaultConfigurationName = Release;
		};
		8C6BB8992BED2AC600FF98FD /* Build configuration list for PBXNativeTarget "CalendarUITests" */ = {
			isa = XCConfigurationList;
			buildConfigurations = (
				8C6BB89A2BED2AC600FF98FD /* Debug */,
				8C6BB89B2BED2AC600FF98FD /* Release */,
			);
			defaultConfigurationIsVisible = 0;
			defaultConfigurationName = Release;
		};
/* End XCConfigurationList section */
	};
	rootObject = 8C6BB8612BED2AC400FF98FD /* Project object */;
}
